
Microsoft Visual Studio Solution File, Format Version 12.00
# Visual Studio Version 17
VisualStudioVersion = 17.3.32901.215
MinimumVisualStudioVersion = 10.0.40219.1
Project("{9A19103F-16F7-4668-BE54-9A1E7A4F7556}") = "Unittest", "Unittest\Unittest.csproj", "{9D2C4EA7-F629-4973-ABE3-5C04B1BF8A01}"
EndProject
Project("{151D2E53-A2C4-4D7D-83FE-D05416EBD58E}") = "LogicApps", "Logic Apps\LogicApps.deployproj", "{65B607D7-862B-46A7-BB80-95896B582510}"
EndProject
Project("{FAE04EC0-301F-11D3-BF4B-00C04F79EFBC}") = "LiveDemo_UnitTests", "LiveDemo_UnitTests\LiveDemo_UnitTests.csproj", "{D8FD481F-2AC8-4B2A-A24E-035D20D4FFDA}"
EndProject
Global
	GlobalSection(SolutionConfigurationPlatforms) = preSolution
		Debug|Any CPU = Debug|Any CPU
		Release|Any CPU = Release|Any CPU
	EndGlobalSection
	GlobalSection(ProjectConfigurationPlatforms) = postSolution
		{9D2C4EA7-F629-4973-ABE3-5C04B1BF8A01}.Debug|Any CPU.ActiveCfg = Debug|Any CPU
		{9D2C4EA7-F629-4973-ABE3-5C04B1BF8A01}.Debug|Any CPU.Build.0 = Debug|Any CPU
		{9D2C4EA7-F629-4973-ABE3-5C04B1BF8A01}.Release|Any CPU.ActiveCfg = Release|Any CPU
		{9D2C4EA7-F629-4973-ABE3-5C04B1BF8A01}.Release|Any CPU.Build.0 = Release|Any CPU
		{65B607D7-862B-46A7-BB80-95896B582510}.Debug|Any CPU.ActiveCfg = Debug|Any CPU
		{65B607D7-862B-46A7-BB80-95896B582510}.Debug|Any CPU.Build.0 = Debug|Any CPU
		{65B607D7-862B-46A7-BB80-95896B582510}.Release|Any CPU.ActiveCfg = Release|Any CPU
		{65B607D7-862B-46A7-BB80-95896B582510}.Release|Any CPU.Build.0 = Release|Any CPU
		{D8FD481F-2AC8-4B2A-A24E-035D20D4FFDA}.Debug|Any CPU.ActiveCfg = Debug|Any CPU
		{D8FD481F-2AC8-4B2A-A24E-035D20D4FFDA}.Debug|Any CPU.Build.0 = Debug|Any CPU
		{D8FD481F-2AC8-4B2A-A24E-035D20D4FFDA}.Release|Any CPU.ActiveCfg = Release|Any CPU
		{D8FD481F-2AC8-4B2A-A24E-035D20D4FFDA}.Release|Any CPU.Build.0 = Release|Any CPU
	EndGlobalSection
	GlobalSection(SolutionProperties) = preSolution
		HideSolutionNode = FALSE
	EndGlobalSection
	GlobalSection(ExtensibilityGlobals) = postSolution
		SolutionGuid = {8C23F78B-DCD6-4EAD-857C-3C35410D0F0F}
	EndGlobalSection
EndGlobal
